{
  "name": "06.-js-applications-client-side-rendering-exercise-resources",
  "version": "1.0.0",
  "lockfileVersion": 2,
  "requires": true,
  "packages": {
    "": {
      "name": "06.-js-applications-client-side-rendering-exercise-resources",
      "version": "1.0.0",
      "license": "ISC",
      "dependencies": {
        "lit-html": "^3.0.0"
      }
    },
    "node_modules/@types/trusted-types": {
      "version": "2.0.4",
      "resolved": "https://registry.npmjs.org/@types/trusted-types/-/trusted-types-2.0.4.tgz",
      "integrity": "sha512-IDaobHimLQhjwsQ/NMwRVfa/yL7L/wriQPMhw1ZJall0KX6E1oxk29XMDeilW5qTIg5aoiqf5Udy8U/51aNoQQ=="
    },
    "node_modules/lit-html": {
      "version": "3.0.0",
      "resolved": "https://registry.npmjs.org/lit-html/-/lit-html-3.0.0.tgz",
      "integrity": "sha512-DNJIE8dNY0dQF2Gs0sdMNUppMQT2/CvV4OVnSdg7BXAsGqkVwsE5bqQ04POfkYH5dBIuGnJYdFz5fYYyNnOxiA==",
      "dependencies": {
        "@types/trusted-types": "^2.0.2"
      }
    }
  },
  "dependencies": {
    "@types/trusted-types": {
      "version": "2.0.4",
      "resolved": "https://registry.npmjs.org/@types/trusted-types/-/trusted-types-2.0.4.tgz",
      "integrity": "sha512-IDaobHimLQhjwsQ/NMwRVfa/yL7L/wriQPMhw1ZJall0KX6E1oxk29XMDeilW5qTIg5aoiqf5Udy8U/51aNoQQ=="
    },
    "lit-html": {
      "version": "3.0.0",
      "resolved": "https://registry.npmjs.org/lit-html/-/lit-html-3.0.0.tgz",
      "integrity": "sha512-DNJIE8dNY0dQF2Gs0sdMNUppMQT2/CvV4OVnSdg7BXAsGqkVwsE5bqQ04POfkYH5dBIuGnJYdFz5fYYyNnOxiA==",
      "requires": {
        "@types/trusted-types": "^2.0.2"
      }
    }
  }
}
